PackratFormat: 1.4
PackratVersion: 0.6.0
RVersion: 4.1.0
Repos: CRAN=https://cran.rstudio.com/

Package: DT
Source: CRAN
Version: 0.18
Hash: 29936e2ae618b3e662f1130d8623ee69
Requires: crosstalk, htmltools, htmlwidgets, jsonlite, magrittr,
    promises

Package: MASS
Source: CRAN
Version: 7.3-54
Hash: 6e22c69d9dc2dbc77dcea14977b7f0a6

Package: Matrix
Source: CRAN
Version: 1.3-3
Hash: a9ce50fb1b8eb66caed13145114a6fb7
Requires: lattice

Package: R6
Source: CRAN
Version: 2.5.0
Hash: 25ebbd2664a276c915984da5c820c404

Package: RColorBrewer
Source: CRAN
Version: 1.1-2
Hash: c0d56cd15034f395874c870141870c25

Package: Rcpp
Source: CRAN
Version: 1.0.6
Hash: d891b607ea796cf30abfe4795380423f

Package: base64enc
Source: CRAN
Version: 0.1-3
Hash: c590d29e555926af053055e23ee79efb

Package: bslib
Source: CRAN
Version: 0.2.5.1
Hash: 4bc2bf9bf4bffb2dd536cc867bf0b293
Requires: htmltools, jsonlite, magrittr, rlang, jquerylib, sass

Package: cachem
Source: CRAN
Version: 1.0.5
Hash: 7ade2ba1d62898c85dc5b677b2c1dc4a
Requires: rlang, fastmap

Package: cellranger
Source: CRAN
Version: 1.1.0
Hash: be9d203e7849f73818b36f93e9273c2c
Requires: rematch, tibble

Package: cli
Source: CRAN
Version: 2.5.0
Hash: f4afb5d894854c102b267975d45e380c
Requires: glue

Package: colorspace
Source: CRAN
Version: 2.0-1
Hash: 69545b65fbad1f346da262f7f6d266fe

Package: commonmark
Source: CRAN
Version: 1.7
Hash: 77f4ba718e2bad1877ef26e48cf8fa43

Package: crayon
Source: CRAN
Version: 1.4.1
Hash: 2e1b6e4b4bc63ebe2aaee1546b871329

Package: crosstalk
Source: CRAN
Version: 1.1.1
Hash: 40844571ab8c7b3009cde6e49a1ace16
Requires: R6, htmltools, jsonlite, lazyeval

Package: digest
Source: CRAN
Version: 0.6.27
Hash: 8ba156629c1537635b39332c93d8ed33

Package: ellipsis
Source: CRAN
Version: 0.3.2
Hash: b21bfc48556c0c6a93fc9ede6c00cfaf
Requires: rlang

Package: fansi
Source: CRAN
Version: 0.5.0
Hash: e9c5e9cf18ad59b0c247458927b46d10

Package: farver
Source: CRAN
Version: 2.1.0
Hash: a001f1816f74d0e76e82171eef764a9d

Package: fastmap
Source: CRAN
Version: 1.1.0
Hash: e4d212b14d40b91c791c0b9d3b6ffd99

Package: foreign
Source: CRAN
Version: 0.8-81
Hash: 53f23dff824a3b365aa8065e42b84b71

Package: fs
Source: CRAN
Version: 1.5.0
Hash: 918ea5c88cad73d5d5b529ca98f8ad11

Package: ggplot2
Source: CRAN
Version: 3.3.3
Hash: fcae8a1c452b7bf7e5b11d1d438c825e
Requires: MASS, digest, glue, rlang, tibble, gtable, isoband, mgcv,
    scales, withr

Package: glue
Source: CRAN
Version: 1.4.2
Hash: afa798ba9deec3676e20300b79094749

Package: gridExtra
Source: CRAN
Version: 2.3
Hash: fa977bc1aab5588a08123b10ceb1ad3d
Requires: gtable

Package: gtable
Source: CRAN
Version: 0.3.0
Hash: a9e7b0666eb933a0cb36779240b4462e

Package: hms
Source: CRAN
Version: 1.1.0
Hash: 5d7e8130890a175dedf39da8c7b5a62c
Requires: ellipsis, lifecycle, pkgconfig, rlang, vctrs

Package: htmltools
Source: CRAN
Version: 0.5.1.1
Hash: 297e3b95a781d9a6fb7259e0f6824020
Requires: base64enc, digest, rlang

Package: htmlwidgets
Source: CRAN
Version: 1.5.3
Hash: 6405f8f000f8a52e0dc2f034b3693fe5
Requires: htmltools, jsonlite, yaml

Package: httpuv
Source: CRAN
Version: 1.6.1
Hash: f6544986815865f945ef7308aecdebe3
Requires: R6, Rcpp, later, promises

Package: isoband
Source: CRAN
Version: 0.2.4
Hash: b1e8c5547c2e0b0b45f375da77325ed2

Package: jquerylib
Source: CRAN
Version: 0.1.4
Hash: 338eb4374296b76bdee1e463c810113d
Requires: htmltools

Package: jsonlite
Source: CRAN
Version: 1.7.2
Hash: a5965fb563ba3643e75c425a82f935e6

Package: labeling
Source: CRAN
Version: 0.4.2
Hash: 7474c78957f4e01d1dd4c04217eab244

Package: later
Source: CRAN
Version: 1.2.0
Hash: f0643bd220035619f3743aaed7c3b2c9
Requires: Rcpp, rlang

Package: lattice
Source: CRAN
Version: 0.20-44
Hash: 1de9d2e96f685f9b83f087234d85273d

Package: lazyeval
Source: CRAN
Version: 0.2.2
Hash: 563563691bea3cde6945a98996d7c166

Package: leaflet
Source: CRAN
Version: 2.0.4.1
Hash: 9b41313cf6d1aec266e6055c6c558eae
Requires: RColorBrewer, base64enc, crosstalk, htmltools, htmlwidgets,
    magrittr, scales, leaflet.providers, markdown, png, raster, sp,
    viridis

Package: leaflet.providers
Source: CRAN
Version: 1.9.0
Hash: da320a24a12bba9099e3e486c355196f

Package: lifecycle
Source: CRAN
Version: 1.0.0
Hash: 0c18dc7a4e21abdc8132b7cac2b5fcb4
Requires: rlang, glue

Package: magrittr
Source: CRAN
Version: 2.0.1
Hash: d3c166b0573ae8c918edf7221dfe7380

Package: maptools
Source: CRAN
Version: 1.1-1
Hash: 55673c9156bfd7d150f9fe514ca699f8
Requires: foreign, lattice, sp

Package: markdown
Source: CRAN
Version: 1.1
Hash: 1b6a18fd395589425e338a47b999099f
Requires: mime, xfun

Package: mgcv
Source: CRAN
Version: 1.8-35
Hash: c4375d1163f9e01505cca4e553c29038
Requires: Matrix, nlme

Package: mime
Source: CRAN
Version: 0.10
Hash: 20b0f90f3478d2baae76be49777ac9fe

Package: munsell
Source: CRAN
Version: 0.5.0
Hash: 38d0efee9bb99bef143bde41c4ce715c
Requires: colorspace

Package: nlme
Source: CRAN
Version: 3.1-152
Hash: 3761e6e8818069c15c0d04deef664201
Requires: lattice

Package: openxlsx
Source: CRAN
Version: 4.2.3
Hash: 93147efbc636cba5a917d76374eab1a2
Requires: Rcpp, stringi, zip

Package: pillar
Source: CRAN
Version: 1.6.1
Hash: a32895ba270cc966f841a55296b275e5
Requires: ellipsis, fansi, lifecycle, rlang, cli, crayon, utf8, vctrs

Package: pkgconfig
Source: CRAN
Version: 2.0.3
Hash: 5ff5f2361851a49534c96caa2a8071c7

Package: png
Source: CRAN
Version: 0.1-7
Hash: 421d7d6e0fb4bd885ecbd909b6456b8b

Package: prettyunits
Source: CRAN
Version: 1.1.1
Hash: 20669cd8bb8b3207f6371edf8cf510af

Package: progress
Source: CRAN
Version: 1.2.2
Hash: 209280eb751acf5899f7c69366e14bd3
Requires: R6, crayon, hms, prettyunits

Package: promises
Source: CRAN
Version: 1.2.0.1
Hash: b999731b91ddfd9b4f8fef55460f3c73
Requires: R6, magrittr, rlang, Rcpp, later

Package: rappdirs
Source: CRAN
Version: 0.3.3
Hash: fd602edfd7dbf365642e35dd9cc97958

Package: raster
Source: CRAN
Version: 3.4-10
Hash: 1d0bb99af836e019a0bec79aefa775f3
Requires: Rcpp, sp

Package: readxl
Source: CRAN
Version: 1.3.1
Hash: e34982e51b2fb433409a36da8111439f
Requires: Rcpp, cellranger, progress, tibble

Package: rematch
Source: CRAN
Version: 1.0.1
Hash: ad4faf59e7611117ff165817074c50c7

Package: rlang
Source: CRAN
Version: 0.4.11
Hash: 765f56f2e0697cfd1ad4c9d34e4efedc

Package: sass
Source: CRAN
Version: 0.4.0
Hash: 898260598d59907eda6f28dfec65473c
Requires: R6, htmltools, rlang, fs, rappdirs

Package: scales
Source: CRAN
Version: 1.1.1
Hash: b67ae9f62ecb8912751eb664055d8f8a
Requires: R6, RColorBrewer, farver, lifecycle, labeling, munsell,
    viridisLite

Package: shiny
Source: CRAN
Version: 1.6.0
Hash: 35e21ce401cc3b1fae93a190b32f6a65
Requires: R6, bslib, cachem, commonmark, crayon, digest, ellipsis,
    fastmap, glue, htmltools, httpuv, jsonlite, later, lifecycle, mime,
    promises, rlang, withr, sourcetools, xtable

Package: sourcetools
Source: CRAN
Version: 0.1.7
Hash: d093478ac90064e670cd4bf1a99b47b6

Package: sp
Source: CRAN
Version: 1.4-5
Hash: 3b7402a7400a3b9f6785603ac0b3550c
Requires: lattice

Package: stringi
Source: CRAN
Version: 1.6.1
Hash: a844a97d217c6c72f38b703fec93ccec

Package: stringr
Source: CRAN
Version: 1.4.0
Hash: 67da32dbb2a7a16f2ef124336358e54a
Requires: glue, magrittr, stringi

Package: tibble
Source: CRAN
Version: 3.1.2
Hash: 83c55123413a6b6d3e777fba5ae667a3
Requires: magrittr, rlang, ellipsis, fansi, lifecycle, pillar,
    pkgconfig, vctrs

Package: utf8
Source: CRAN
Version: 1.2.1
Hash: 4ae5f77d617721b66be32d2b47bc9148

Package: vctrs
Source: CRAN
Version: 0.3.8
Hash: e2e7a28fd30d8df018965c923afd1195
Requires: ellipsis, glue, rlang

Package: viridis
Source: CRAN
Version: 0.6.1
Hash: 3cb05666dc286ca38433e7ed6064e4c6
Requires: ggplot2, gridExtra, viridisLite

Package: viridisLite
Source: CRAN
Version: 0.4.0
Hash: aeccc8c24d26192f4043be0c69151b96

Package: withr
Source: CRAN
Version: 2.4.2
Hash: 56366c768cead0b9b2b773cf9f16a432

Package: xfun
Source: CRAN
Version: 0.23
Hash: 65a60ffd6c0d4bdbfb992560c5827bfc

Package: xtable
Source: CRAN
Version: 1.8-4
Hash: dc0d47261b678d26032363bebd050540

Package: yaml
Source: CRAN
Version: 2.2.1
Hash: 424bc11cc358f23187feaa7978628196

Package: zip
Source: CRAN
Version: 2.2.0
Hash: 7a2bdad5f5de31294483fb4ac4e1e0c0
